
Microsoft Visual Studio Solution File, Format Version 12.00
# Visual Studio Version 17
VisualStudioVersion = 17.4.33205.214
MinimumVisualStudioVersion = 10.0.40219.1
Project("{FAE04EC0-301F-11D3-BF4B-00C04F79EFBC}") = "SignUpForm", "SignUpForm\SignUpForm.csproj", "{63D1ECEE-60F1-4FF9-97EE-A086CD8F084C}"
EndProject
Global
	GlobalSection(SolutionConfigurationPlatforms) = preSolution
		Debug|Any CPU = Debug|Any CPU
		Release|Any CPU = Release|Any CPU
	EndGlobalSection
	GlobalSection(ProjectConfigurationPlatforms) = postSolution
		{63D1ECEE-60F1-4FF9-97EE-A086CD8F084C}.Debug|Any CPU.ActiveCfg = Debug|Any CPU
		{63D1ECEE-60F1-4FF9-97EE-A086CD8F084C}.Debug|Any CPU.Build.0 = Debug|Any CPU
		{63D1ECEE-60F1-4FF9-97EE-A086CD8F084C}.Release|Any CPU.ActiveCfg = Release|Any CPU
		{63D1ECEE-60F1-4FF9-97EE-A086CD8F084C}.Release|Any CPU.Build.0 = Release|Any CPU
	EndGlobalSection
	GlobalSection(SolutionProperties) = preSolution
		HideSolutionNode = FALSE
	EndGlobalSection
	GlobalSection(ExtensibilityGlobals) = postSolution
		SolutionGuid = {0994AB03-251F-4172-A630-45E56586E2EF}
	EndGlobalSection
EndGlobal
